// !$*UTF8*$!
{
	archiveVersion = 1;
	classes = {
	};
	objectVersion = 77;
	objects = {

/* Begin PBXBuildFile section */
		274EC3B62CD4ACCE0099A537 /* User+CoreDataClass.swift in Sources */ = {isa = PBXBuildFile; fileRef = 274EC3B42CD4ACCE0099A537 /* User+CoreDataClass.swift */; };
		274EC3B72CD4ACCE0099A537 /* User+CoreDataProperties.swift in Sources */ = {isa = PBXBuildFile; fileRef = 274EC3B52CD4ACCE0099A537 /* User+CoreDataProperties.swift */; };
/* End PBXBuildFile section */

/* Begin PBXContainerItemProxy section */
		27AD0BBB2CC42FCB009C63B5 /* PBXContainerItemProxy */ = {
			isa = PBXContainerItemProxy;
			containerPortal = 27AD0B9D2CC42FCA009C63B5 /* Project object */;
			proxyType = 1;
			remoteGlobalIDString = 27AD0BA42CC42FCA009C63B5;
			remoteInfo = Enterty;
		};
		27AD0BC52CC42FCB009C63B5 /* PBXContainerItemProxy */ = {
			isa = PBXContainerItemProxy;
			containerPortal = 27AD0B9D2CC42FCA009C63B5 /* Project object */;
			proxyType = 1;
			remoteGlobalIDString = 27AD0BA42CC42FCA009C63B5;
			remoteInfo = Enterty;
		};
/* End PBXContainerItemProxy section */

/* Begin PBXFileReference section */
		274EC3B42CD4ACCE0099A537 /* User+CoreDataClass.swift */ = {isa = PBXFileReference; lastKnownFileType = sourcecode.swift; path = "User+CoreDataClass.swift"; sourceTree = "<group>"; };
		274EC3B52CD4ACCE0099A537 /* User+CoreDataProperties.swift */ = {isa = PBXFileReference; lastKnownFileType = sourcecode.swift; path = "User+CoreDataProperties.swift"; sourceTree = "<group>"; };
		27AD0BA52CC42FCA009C63B5 /* Enterty.app */ = {isa = PBXFileReference; explicitFileType = wrapper.application; includeInIndex = 0; path = Enterty.app; sourceTree = BUILT_PRODUCTS_DIR; };
		27AD0BBA2CC42FCB009C63B5 /* EntertyTests.xctest */ = {isa = PBXFileReference; explicitFileType = wrapper.cfbundle; includeInIndex = 0; path = EntertyTests.xctest; sourceTree = BUILT_PRODUCTS_DIR; };
		27AD0BC42CC42FCB009C63B5 /* EntertyUITests.xctest */ = {isa = PBXFileReference; explicitFileType = wrapper.cfbundle; includeInIndex = 0; path = EntertyUITests.xctest; sourceTree = BUILT_PRODUCTS_DIR; };
/* End PBXFileReference section */

/* Begin PBXFileSystemSynchronizedRootGroup section */
		27AD0BA72CC42FCA009C63B5 /* Enterty */ = {
			isa = PBXFileSystemSynchronizedRootGroup;
			path = Enterty;
			sourceTree = "<group>";
		};
		27AD0BBD2CC42FCB009C63B5 /* EntertyTests */ = {
			isa = PBXFileSystemSynchronizedRootGroup;
			path = EntertyTests;
			sourceTree = "<group>";
		};
		27AD0BC72CC42FCB009C63B5 /* EntertyUITests */ = {
			isa = PBXFileSystemSynchronizedRootGroup;
			path = EntertyUITests;
			sourceTree = "<group>";
		};
/* End PBXFileSystemSynchronizedRootGroup section */

/* Begin PBXFrameworksBuildPhase section */
		27AD0BA22CC42FCA009C63B5 /* Frameworks */ = {
			isa = PBXFrameworksBuildPhase;
			buildActionMask = 2147483647;
			files = (
			);
			runOnlyForDeploymentPostprocessing = 0;
		};
		27AD0BB72CC42FCB009C63B5 /* Frameworks */ = {
			isa = PBXFrameworksBuildPhase;
			buildActionMask = 2147483647;
			files = (
			);
			runOnlyForDeploymentPostprocessing = 0;
		};
		27AD0BC12CC42FCB009C63B5 /* Frameworks */ = {
			isa = PBXFrameworksBuildPhase;
			buildActionMask = 2147483647;
			files = (
			);
			runOnlyForDeploymentPostprocessing = 0;
		};
/* End PBXFrameworksBuildPhase section */

/* Begin PBXGroup section */
		27AD0B9C2CC42FCA009C63B5 = {
			isa = PBXGroup;
			children = (
				274EC3B42CD4ACCE0099A537 /* User+CoreDataClass.swift */,
				274EC3B52CD4ACCE0099A537 /* User+CoreDataProperties.swift */,
				27AD0BA72CC42FCA009C63B5 /* Enterty */,
				27AD0BBD2CC42FCB009C63B5 /* EntertyTests */,
				27AD0BC72CC42FCB009C63B5 /* EntertyUITests */,
				27AD0BA62CC42FCA009C63B5 /* Products */,
			);
			sourceTree = "<group>";
		};
		27AD0BA62CC42FCA009C63B5 /* Products */ = {
			isa = PBXGroup;
			children = (
				27AD0BA52CC42FCA009C63B5 /* Enterty.app */,
				27AD0BBA2CC42FCB009C63B5 /* EntertyTests.xctest */,
				27AD0BC42CC42FCB009C63B5 /* EntertyUITests.xctest */,
			);
			name = Products;
			sourceTree = "<group>";
		};
/* End PBXGroup section */

/* Begin PBXNativeTarget section */
		27AD0BA42CC42FCA009C63B5 /* Enterty */ = {
			isa = PBXNativeTarget;
			buildConfigurationList = 27AD0BCE2CC42FCB009C63B5 /* Build configuration list for PBXNativeTarget "Enterty" */;
			buildPhases = (
				27AD0BA12CC42FCA009C63B5 /* Sources */,
				27AD0BA22CC42FCA009C63B5 /* Frameworks */,
				27AD0BA32CC42FCA009C63B5 /* Resources */,
			);
			buildRules = (
			);
			dependencies = (
			);
			fileSystemSynchronizedGroups = (
				27AD0BA72CC42FCA009C63B5 /* Enterty */,
			);
			name = Enterty;
			packageProductDependencies = (
			);
			productName = Enterty;
			productReference = 27AD0BA52CC42FCA009C63B5 /* Enterty.app */;
			productType = "com.apple.product-type.application";
		};
		27AD0BB92CC42FCB009C63B5 /* EntertyTests */ = {
			isa = PBXNativeTarget;
			buildConfigurationList = 27AD0BD12CC42FCB009C63B5 /* Build configuration list for PBXNativeTarget "EntertyTests" */;
			buildPhases = (
				27AD0BB62CC42FCB009C63B5 /* Sources */,
				27AD0BB72CC42FCB009C63B5 /* Frameworks */,
				27AD0BB82CC42FCB009C63B5 /* Resources */,
			);
			buildRules = (
			);
			dependencies = (
				27AD0BBC2CC42FCB009C63B5 /* PBXTargetDependency */,
			);
			fileSystemSynchronizedGroups = (
				27AD0BBD2CC42FCB009C63B5 /* EntertyTests */,
			);
			name = EntertyTests;
			packageProductDependencies = (
			);
			productName = EntertyTests;
			productReference = 27AD0BBA2CC42FCB009C63B5 /* EntertyTests.xctest */;
			productType = "com.apple.product-type.bundle.unit-test";
		};
		27AD0BC32CC42FCB009C63B5 /* EntertyUITests */ = {
			isa = PBXNativeTarget;
			buildConfigurationList = 27AD0BD42CC42FCB009C63B5 /* Build configuration list for PBXNativeTarget "EntertyUITests" */;
			buildPhases = (
				27AD0BC02CC42FCB009C63B5 /* Sources */,
				27AD0BC12CC42FCB009C63B5 /* Frameworks */,
				27AD0BC22CC42FCB009C63B5 /* Resources */,
			);
			buildRules = (
			);
			dependencies = (
				27AD0BC62CC42FCB009C63B5 /* PBXTargetDependency */,
			);
			fileSystemSynchronizedGroups = (
				27AD0BC72CC42FCB009C63B5 /* EntertyUITests */,
			);
			name = EntertyUITests;
			packageProductDependencies = (
			);
			productName = EntertyUITests;
			productReference = 27AD0BC42CC42FCB009C63B5 /* EntertyUITests.xctest */;
			productType = "com.apple.product-type.bundle.ui-testing";
		};
/* End PBXNativeTarget section */

/* Begin PBXProject section */
		27AD0B9D2CC42FCA009C63B5 /* Project object */ = {
			isa = PBXProject;
			attributes = {
				BuildIndependentTargetsInParallel = 1;
				LastSwiftUpdateCheck = 1600;
				LastUpgradeCheck = 1600;
				TargetAttributes = {
					27AD0BA42CC42FCA009C63B5 = {
						CreatedOnToolsVersion = 16.0;
					};
					27AD0BB92CC42FCB009C63B5 = {
						CreatedOnToolsVersion = 16.0;
						TestTargetID = 27AD0BA42CC42FCA009C63B5;
					};
					27AD0BC32CC42FCB009C63B5 = {
						CreatedOnToolsVersion = 16.0;
						TestTargetID = 27AD0BA42CC42FCA009C63B5;
					};
				};
			};
			buildConfigurationList = 27AD0BA02CC42FCA009C63B5 /* Build configuration list for PBXProject "Enterty" */;
			developmentRegion = en;
			hasScannedForEncodings = 0;
			knownRegions = (
				en,
				Base,
			);
			mainGroup = 27AD0B9C2CC42FCA009C63B5;
			minimizedProjectReferenceProxies = 1;
			preferredProjectObjectVersion = 77;
			productRefGroup = 27AD0BA62CC42FCA009C63B5 /* Products */;
			projectDirPath = "";
			projectRoot = "";
			targets = (
				27AD0BA42CC42FCA009C63B5 /* Enterty */,
				27AD0BB92CC42FCB009C63B5 /* EntertyTests */,
				27AD0BC32CC42FCB009C63B5 /* EntertyUITests */,
			);
		};
/* End PBXProject section */

/* Begin PBXResourcesBuildPhase section */
		27AD0BA32CC42FCA009C63B5 /* Resources */ = {
			isa = PBXResourcesBuildPhase;
			buildActionMask = 2147483647;
			files = (
			);
			runOnlyForDeploymentPostprocessing = 0;
		};
		27AD0BB82CC42FCB009C63B5 /* Resources */ = {
			isa = PBXResourcesBuildPhase;
			buildActionMask = 2147483647;
			files = (
			);
			runOnlyForDeploymentPostprocessing = 0;
		};
		27AD0BC22CC42FCB009C63B5 /* Resources */ = {
			isa = PBXResourcesBuildPhase;
			buildActionMask = 2147483647;
			files = (
			);
			runOnlyForDeploymentPostprocessing = 0;
		};
/* End PBXResourcesBuildPhase section */

/* Begin PBXSourcesBuildPhase section */
		27AD0BA12CC42FCA009C63B5 /* Sources */ = {
			isa = PBXSourcesBuildPhase;
			buildActionMask = 2147483647;
			files = (
				274EC3B62CD4ACCE0099A537 /* User+CoreDataClass.swift in Sources */,
				274EC3B72CD4ACCE0099A537 /* User+CoreDataProperties.swift in Sources */,
			);
			runOnlyForDeploymentPostprocessing = 0;
		};
		27AD0BB62CC42FCB009C63B5 /* Sources */ = {
			isa = PBXSourcesBuildPhase;
			buildActionMask = 2147483647;
			files = (
			);
			runOnlyForDeploymentPostprocessing = 0;
		};
		27AD0BC02CC42FCB009C63B5 /* Sources */ = {
			isa = PBXSourcesBuildPhase;
			buildActionMask = 2147483647;
			files = (
			);
			runOnlyForDeploymentPostprocessing = 0;
		};
/* End PBXSourcesBuildPhase section */

/* Begin PBXTargetDependency section */
		27AD0BBC2CC42FCB009C63B5 /* PBXTargetDependency */ = {
			isa = PBXTargetDependency;
			target = 27AD0BA42CC42FCA009C63B5 /* Enterty */;
			targetProxy = 27AD0BBB2CC42FCB009C63B5 /* PBXContainerItemProxy */;
		};
		27AD0BC62CC42FCB009C63B5 /* PBXTargetDependency */ = {
			isa = PBXTargetDependency;
			target = 27AD0BA42CC42FCA009C63B5 /* Enterty */;
			targetProxy = 27AD0BC52CC42FCB009C63B5 /* PBXContainerItemProxy */;
		};
/* End PBXTargetDependency section */

/* Begin XCBuildConfiguration section */
		27AD0BCC2CC42FCB009C63B5 /* Debug */ = {
			isa = XCBuildConfiguration;
			buildSettings = {
				ALWAYS_SEARCH_USER_PATHS = NO;
				ASSETCATALOG_COMPILER_GENERATE_SWIFT_ASSET_SYMBOL_EXTENSIONS = YES;
				CLANG_ANALYZER_NONNULL = YES;
				CLANG_ANALYZER_NUMBER_OBJECT_CONVERSION = YES_AGGRESSIVE;
				CLANG_CXX_LANGUAGE_STANDARD = "gnu++20";
				CLANG_ENABLE_MODULES = YES;
				CLANG_ENABLE_OBJC_ARC = YES;
				CLANG_ENABLE_OBJC_WEAK = YES;
				CLANG_WARN_BLOCK_CAPTURE_AUTORELEASING = YES;
				CLANG_WARN_BOOL_CONVERSION = YES;
				CLANG_WARN_COMMA = YES;
				CLANG_WARN_CONSTANT_CONVERSION = YES;
				CLANG_WARN_DEPRECATED_OBJC_IMPLEMENTATIONS = YES;
				CLANG_WARN_DIRECT_OBJC_ISA_USAGE = YES_ERROR;
				CLANG_WARN_DOCUMENTATION_COMMENTS = YES;
				CLANG_WARN_EMPTY_BODY = YES;
				CLANG_WARN_ENUM_CONVERSION = YES;
				CLANG_WARN_INFINITE_RECURSION = YES;
				CLANG_WARN_INT_CONVERSION = YES;
				CLANG_WARN_NON_LITERAL_NULL_CONVERSION = YES;
				CLANG_WARN_OBJC_IMPLICIT_RETAIN_SELF = YES;
				CLANG_WARN_OBJC_LITERAL_CONVERSION = YES;
				CLANG_WARN_OBJC_ROOT_CLASS = YES_ERROR;
				CLANG_WARN_QUOTED_INCLUDE_IN_FRAMEWORK_HEADER = YES;
				CLANG_WARN_RANGE_LOOP_ANALYSIS = YES;
				CLANG_WARN_STRICT_PROTOTYPES = YES;
				CLANG_WARN_SUSPICIOUS_MOVE = YES;
				CLANG_WARN_UNGUARDED_AVAILABILITY = YES_AGGRESSIVE;
				CLANG_WARN_UNREACHABLE_CODE = YES;
				CLANG_WARN__DUPLICATE_METHOD_MATCH = YES;
				COPY_PHASE_STRIP = NO;
				DEBUG_INFORMATION_FORMAT = dwarf;
				ENABLE_STRICT_OBJC_MSGSEND = YES;
				ENABLE_TESTABILITY = YES;
				ENABLE_USER_SCRIPT_SANDBOXING = YES;
				GCC_C_LANGUAGE_STANDARD = gnu17;
				GCC_DYNAMIC_NO_PIC = NO;
				GCC_NO_COMMON_BLOCKS = YES;
				GCC_OPTIMIZATION_LEVEL = 0;
				GCC_PREPROCESSOR_DEFINITIONS = (
					"DEBUG=1",
					"$(inherited)",
				);
				GCC_WARN_64_TO_32_BIT_CONVERSION = YES;
				GCC_WARN_ABOUT_RETURN_TYPE = YES_ERROR;
				GCC_WARN_UNDECLARED_SELECTOR = YES;
				GCC_WARN_UNINITIALIZED_AUTOS = YES_AGGRESSIVE;
				GCC_WARN_UNUSED_FUNCTION = YES;
				GCC_WARN_UNUSED_VARIABLE = YES;
				IPHONEOS_DEPLOYMENT_TARGET = 18.0;
				LOCALIZATION_PREFERS_STRING_CATALOGS = YES;
				MTL_ENABLE_DEBUG_INFO = INCLUDE_SOURCE;
				MTL_FAST_MATH = YES;
				ONLY_ACTIVE_ARCH = YES;
				SDKROOT = iphoneos;
				SWIFT_ACTIVE_COMPILATION_CONDITIONS = "DEBUG $(inherited)";
				SWIFT_OPTIMIZATION_LEVEL = "-Onone";
			};
			name = Debug;
		};
		27AD0BCD2CC42FCB009C63B5 /* Release */ = {
			isa = XCBuildConfiguration;
			buildSettings = {
				ALWAYS_SEARCH_USER_PATHS = NO;
				ASSETCATALOG_COMPILER_GENERATE_SWIFT_ASSET_SYMBOL_EXTENSIONS = YES;
				CLANG_ANALYZER_NONNULL = YES;
				CLANG_ANALYZER_NUMBER_OBJECT_CONVERSION = YES_AGGRESSIVE;
				CLANG_CXX_LANGUAGE_STANDARD = "gnu++20";
				CLANG_ENABLE_MODULES = YES;
				CLANG_ENABLE_OBJC_ARC = YES;
				CLANG_ENABLE_OBJC_WEAK = YES;
				CLANG_WARN_BLOCK_CAPTURE_AUTORELEASING = YES;
				CLANG_WARN_BOOL_CONVERSION = YES;
				CLANG_WARN_COMMA = YES;
				CLANG_WARN_CONSTANT_CONVERSION = YES;
				CLANG_WARN_DEPRECATED_OBJC_IMPLEMENTATIONS = YES;
				CLANG_WARN_DIRECT_OBJC_ISA_USAGE = YES_ERROR;
				CLANG_WARN_DOCUMENTATION_COMMENTS = YES;
				CLANG_WARN_EMPTY_BODY = YES;
				CLANG_WARN_ENUM_CONVERSION = YES;
				CLANG_WARN_INFINITE_RECURSION = YES;
				CLANG_WARN_INT_CONVERSION = YES;
				CLANG_WARN_NON_LITERAL_NULL_CONVERSION = YES;
				CLANG_WARN_OBJC_IMPLICIT_RETAIN_SELF = YES;
				CLANG_WARN_OBJC_LITERAL_CONVERSION = YES;
				CLANG_WARN_OBJC_ROOT_CLASS = YES_ERROR;
				CLANG_WARN_QUOTED_INCLUDE_IN_FRAMEWORK_HEADER = YES;
				CLANG_WARN_RANGE_LOOP_ANALYSIS = YES;
				CLANG_WARN_STRICT_PROTOTYPES = YES;
				CLANG_WARN_SUSPICIOUS_MOVE = YES;
				CLANG_WARN_UNGUARDED_AVAILABILITY = YES_AGGRESSIVE;
				CLANG_WARN_UNREACHABLE_CODE = YES;
				CLANG_WARN__DUPLICATE_METHOD_MATCH = YES;
				COPY_PHASE_STRIP = NO;
				DEBUG_INFORMATION_FORMAT = "dwarf-with-dsym";
				ENABLE_NS_ASSERTIONS = NO;
				ENABLE_STRICT_OBJC_MSGSEND = YES;
				ENABLE_USER_SCRIPT_SANDBOXING = YES;
				GCC_C_LANGUAGE_STANDARD = gnu17;
				GCC_NO_COMMON_BLOCKS = YES;
				GCC_WARN_64_TO_32_BIT_CONVERSION = YES;
				GCC_WARN_ABOUT_RETURN_TYPE = YES_ERROR;
				GCC_WARN_UNDECLARED_SELECTOR = YES;
				GCC_WARN_UNINITIALIZED_AUTOS = YES_AGGRESSIVE;
				GCC_WARN_UNUSED_FUNCTION = YES;
				GCC_WARN_UNUSED_VARIABLE = YES;
				IPHONEOS_DEPLOYMENT_TARGET = 18.0;
				LOCALIZATION_PREFERS_STRING_CATALOGS = YES;
				MTL_ENABLE_DEBUG_INFO = NO;
				MTL_FAST_MATH = YES;
				SDKROOT = iphoneos;
				SWIFT_COMPILATION_MODE = wholemodule;
				VALIDATE_PRODUCT = YES;
			};
			name = Release;
		};
		27AD0BCF2CC42FCB009C63B5 /* Debug */ = {
			isa = XCBuildConfiguration;
			buildSettings = {
				ASSETCATALOG_COMPILER_APPICON_NAME = AppIcon;
				ASSETCATALOG_COMPILER_GLOBAL_ACCENT_COLOR_NAME = AccentColor;
				CODE_SIGN_STYLE = Automatic;
				CURRENT_PROJECT_VERSION = 1;
				DEVELOPMENT_ASSET_PATHS = "\"Enterty/Preview Content\"";
				DEVELOPMENT_TEAM = VMA73SV27S;
				ENABLE_PREVIEWS = YES;
				GENERATE_INFOPLIST_FILE = YES;
				INFOPLIST_KEY_UIApplicationSceneManifest_Generation = YES;
				INFOPLIST_KEY_UIApplicationSupportsIndirectInputEvents = YES;
				INFOPLIST_KEY_UILaunchScreen_Generation = YES;
				INFOPLIST_KEY_UISupportedInterfaceOrientations_iPad = "UIInterfaceOrientationPortrait UIInterfaceOrientationPortraitUpsideDown UIInterfaceOrientationLandscapeLeft UIInterfaceOrientationLandscapeRight";
				INFOPLIST_KEY_UISupportedInterfaceOrientations_iPhone = "UIInterfaceOrientationPortrait UIInterfaceOrientationLandscapeLeft UIInterfaceOrientationLandscapeRight";
				LD_RUNPATH_SEARCH_PATHS = (
					"$(inherited)",
					"@executable_path/Frameworks",
				);
				MARKETING_VERSION = 1.0;
				PRODUCT_BUNDLE_IDENTIFIER = kylenguyen.Enterty;
				PRODUCT_NAME = "$(TARGET_NAME)";
				SWIFT_EMIT_LOC_STRINGS = YES;
				SWIFT_VERSION = 5.0;
				TARGETED_DEVICE_FAMILY = "1,2";
			};
			name = Debug;
		};
		27AD0BD02CC42FCB009C63B5 /* Release */ = {
			isa = XCBuildConfiguration;
			buildSettings = {
				ASSETCATALOG_COMPILER_APPICON_NAME = AppIcon;
				ASSETCATALOG_COMPILER_GLOBAL_ACCENT_COLOR_NAME = AccentColor;
				CODE_SIGN_STYLE = Automatic;
				CURRENT_PROJECT_VERSION = 1;
				DEVELOPMENT_ASSET_PATHS = "\"Enterty/Preview Content\"";
				DEVELOPMENT_TEAM = VMA73SV27S;
				ENABLE_PREVIEWS = YES;
				GENERATE_INFOPLIST_FILE = YES;
				INFOPLIST_KEY_UIApplicationSceneManifest_Generation = YES;
				INFOPLIST_KEY_UIApplicationSupportsIndirectInputEvents = YES;
				INFOPLIST_KEY_UILaunchScreen_Generation = YES;
				INFOPLIST_KEY_UISupportedInterfaceOrientations_iPad = "UIInterfaceOrientationPortrait UIInterfaceOrientationPortraitUpsideDown UIInterfaceOrientationLandscapeLeft UIInterfaceOrientationLandscapeRight";
				INFOPLIST_KEY_UISupportedInterfaceOrientations_iPhone = "UIInterfaceOrientationPortrait UIInterfaceOrientationLandscapeLeft UIInterfaceOrientationLandscapeRight";
				LD_RUNPATH_SEARCH_PATHS = (
					"$(inherited)",
					"@executable_path/Frameworks",
				);
				MARKETING_VERSION = 1.0;
				PRODUCT_BUNDLE_IDENTIFIER = kylenguyen.Enterty;
				PRODUCT_NAME = "$(TARGET_NAME)";
				SWIFT_EMIT_LOC_STRINGS = YES;
				SWIFT_VERSION = 5.0;
				TARGETED_DEVICE_FAMILY = "1,2";
			};
			name = Release;
		};
		27AD0BD22CC42FCB009C63B5 /* Debug */ = {
			isa = XCBuildConfiguration;
			buildSettings = {
				BUNDLE_LOADER = "$(TEST_HOST)";
				CODE_SIGN_STYLE = Automatic;
				CURRENT_PROJECT_VERSION = 1;
				DEVELOPMENT_TEAM = VMA73SV27S;
				GENERATE_INFOPLIST_FILE = YES;
				IPHONEOS_DEPLOYMENT_TARGET = 18.0;
				MARKETING_VERSION = 1.0;
				PRODUCT_BUNDLE_IDENTIFIER = kylenguyen.EntertyTests;
				PRODUCT_NAME = "$(TARGET_NAME)";
				SWIFT_EMIT_LOC_STRINGS = NO;
				SWIFT_VERSION = 5.0;
				TARGETED_DEVICE_FAMILY = "1,2";
				TEST_HOST = "$(BUILT_PRODUCTS_DIR)/Enterty.app/$(BUNDLE_EXECUTABLE_FOLDER_PATH)/Enterty";
			};
			name = Debug;
		};
		27AD0BD32CC42FCB009C63B5 /* Release */ = {
			isa = XCBuildConfiguration;
			buildSettings = {
				BUNDLE_LOADER = "$(TEST_HOST)";
				CODE_SIGN_STYLE = Automatic;
				CURRENT_PROJECT_VERSION = 1;
				DEVELOPMENT_TEAM = VMA73SV27S;
				GENERATE_INFOPLIST_FILE = YES;
				IPHONEOS_DEPLOYMENT_TARGET = 18.0;
				MARKETING_VERSION = 1.0;
				PRODUCT_BUNDLE_IDENTIFIER = kylenguyen.EntertyTests;
				PRODUCT_NAME = "$(TARGET_NAME)";
				SWIFT_EMIT_LOC_STRINGS = NO;
				SWIFT_VERSION = 5.0;
				TARGETED_DEVICE_FAMILY = "1,2";
				TEST_HOST = "$(BUILT_PRODUCTS_DIR)/Enterty.app/$(BUNDLE_EXECUTABLE_FOLDER_PATH)/Enterty";
			};
			name = Release;
		};
		27AD0BD52CC42FCB009C63B5 /* Debug */ = {
			isa = XCBuildConfiguration;
			buildSettings = {
				CODE_SIGN_STYLE = Automatic;
				CURRENT_PROJECT_VERSION = 1;
				DEVELOPMENT_TEAM = VMA73SV27S;
				GENERATE_INFOPLIST_FILE = YES;
				MARKETING_VERSION = 1.0;
				PRODUCT_BUNDLE_IDENTIFIER = kylenguyen.EntertyUITests;
				PRODUCT_NAME = "$(TARGET_NAME)";
				SWIFT_EMIT_LOC_STRINGS = NO;
				SWIFT_VERSION = 5.0;
				TARGETED_DEVICE_FAMILY = "1,2";
				TEST_TARGET_NAME = Enterty;
			};
			name = Debug;
		};
		27AD0BD62CC42FCB009C63B5 /* Release */ = {
			isa = XCBuildConfiguration;
			buildSettings = {
				CODE_SIGN_STYLE = Automatic;
				CURRENT_PROJECT_VERSION = 1;
				DEVELOPMENT_TEAM = VMA73SV27S;
				GENERATE_INFOPLIST_FILE = YES;
				MARKETING_VERSION = 1.0;
				PRODUCT_BUNDLE_IDENTIFIER = kylenguyen.EntertyUITests;
				PRODUCT_NAME = "$(TARGET_NAME)";
				SWIFT_EMIT_LOC_STRINGS = NO;
				SWIFT_VERSION = 5.0;
				TARGETED_DEVICE_FAMILY = "1,2";
				TEST_TARGET_NAME = Enterty;
			};
			name = Release;
		};
/* End XCBuildConfiguration section */

/* Begin XCConfigurationList section */
		27AD0BA02CC42FCA009C63B5 /* Build configuration list for PBXProject "Enterty" */ = {
			isa = XCConfigurationList;
			buildConfigurations = (
				27AD0BCC2CC42FCB009C63B5 /* Debug */,
				27AD0BCD2CC42FCB009C63B5 /* Release */,
			);
			defaultConfigurationIsVisible = 0;
			defaultConfigurationName = Release;
		};
		27AD0BCE2CC42FCB009C63B5 /* Build configuration list for PBXNativeTarget "Enterty" */ = {
			isa = XCConfigurationList;
			buildConfigurations = (
				27AD0BCF2CC42FCB009C63B5 /* Debug */,
				27AD0BD02CC42FCB009C63B5 /* Release */,
			);
			defaultConfigurationIsVisible = 0;
			defaultConfigurationName = Release;
		};
		27AD0BD12CC42FCB009C63B5 /* Build configuration list for PBXNativeTarget "EntertyTests" */ = {
			isa = XCConfigurationList;
			buildConfigurations = (
				27AD0BD22CC42FCB009C63B5 /* Debug */,
				27AD0BD32CC42FCB009C63B5 /* Release */,
			);
			defaultConfigurationIsVisible = 0;
			defaultConfigurationName = Release;
		};
		27AD0BD42CC42FCB009C63B5 /* Build configuration list for PBXNativeTarget "EntertyUITests" */ = {
			isa = XCConfigurationList;
			buildConfigurations = (
				27AD0BD52CC42FCB009C63B5 /* Debug */,
				27AD0BD62CC42FCB009C63B5 /* Release */,
			);
			defaultConfigurationIsVisible = 0;
			defaultConfigurationName = Release;
		};
/* End XCConfigurationList section */
	};
	rootObject = 27AD0B9D2CC42FCA009C63B5 /* Project object */;
}
